
Microsoft Visual Studio Solution File, Format Version 12.00
# Visual Studio Version 17
VisualStudioVersion = 17.9.34728.123
MinimumVisualStudioVersion = 10.0.40219.1
Project("{9A19103F-16F7-4668-BE54-9A1E7A4F7556}") = "PersonalBrand.API", "PersonalBrand\PersonalBrand.API.csproj", "{1FDD9050-1386-44DC-A205-34EF824AC2E5}"
EndProject
Project("{2150E333-8FDC-42A3-9474-1A3956D46DE8}") = "srs", "srs", "{895C31BB-27DE-4EF5-A10C-6D8FB1417440}"
EndProject
Project("{FAE04EC0-301F-11D3-BF4B-00C04F79EFBC}") = "PersonalBrand.Application", "..\PersonalBrand.Application\PersonalBrand.Application.csproj", "{829B0257-A75F-462D-8243-CB9638EA2585}"
EndProject
Project("{FAE04EC0-301F-11D3-BF4B-00C04F79EFBC}") = "PersonalBrand.Domain", "..\PersonalBrand.Domain\PersonalBrand.Domain.csproj", "{91D0A589-4A47-48D3-BE0C-A56C288F4159}"
EndProject
Project("{FAE04EC0-301F-11D3-BF4B-00C04F79EFBC}") = "PesonalBrand.Infrastructure", "..\PesonalBrand.Infrastructure\PesonalBrand.Infrastructure.csproj", "{7E266B00-C56C-4661-8034-5A426319FCA0}"
EndProject
Global
	GlobalSection(SolutionConfigurationPlatforms) = preSolution
		Debug|Any CPU = Debug|Any CPU
		Release|Any CPU = Release|Any CPU
	EndGlobalSection
	GlobalSection(ProjectConfigurationPlatforms) = postSolution
		{1FDD9050-1386-44DC-A205-34EF824AC2E5}.Debug|Any CPU.ActiveCfg = Debug|Any CPU
		{1FDD9050-1386-44DC-A205-34EF824AC2E5}.Debug|Any CPU.Build.0 = Debug|Any CPU
		{1FDD9050-1386-44DC-A205-34EF824AC2E5}.Release|Any CPU.ActiveCfg = Release|Any CPU
		{1FDD9050-1386-44DC-A205-34EF824AC2E5}.Release|Any CPU.Build.0 = Release|Any CPU
		{829B0257-A75F-462D-8243-CB9638EA2585}.Debug|Any CPU.ActiveCfg = Debug|Any CPU
		{829B0257-A75F-462D-8243-CB9638EA2585}.Debug|Any CPU.Build.0 = Debug|Any CPU
		{829B0257-A75F-462D-8243-CB9638EA2585}.Release|Any CPU.ActiveCfg = Release|Any CPU
		{829B0257-A75F-462D-8243-CB9638EA2585}.Release|Any CPU.Build.0 = Release|Any CPU
		{91D0A589-4A47-48D3-BE0C-A56C288F4159}.Debug|Any CPU.ActiveCfg = Debug|Any CPU
		{91D0A589-4A47-48D3-BE0C-A56C288F4159}.Debug|Any CPU.Build.0 = Debug|Any CPU
		{91D0A589-4A47-48D3-BE0C-A56C288F4159}.Release|Any CPU.ActiveCfg = Release|Any CPU
		{91D0A589-4A47-48D3-BE0C-A56C288F4159}.Release|Any CPU.Build.0 = Release|Any CPU
		{7E266B00-C56C-4661-8034-5A426319FCA0}.Debug|Any CPU.ActiveCfg = Debug|Any CPU
		{7E266B00-C56C-4661-8034-5A426319FCA0}.Debug|Any CPU.Build.0 = Debug|Any CPU
		{7E266B00-C56C-4661-8034-5A426319FCA0}.Release|Any CPU.ActiveCfg = Release|Any CPU
		{7E266B00-C56C-4661-8034-5A426319FCA0}.Release|Any CPU.Build.0 = Release|Any CPU
	EndGlobalSection
	GlobalSection(SolutionProperties) = preSolution
		HideSolutionNode = FALSE
	EndGlobalSection
	GlobalSection(NestedProjects) = preSolution
		{1FDD9050-1386-44DC-A205-34EF824AC2E5} = {895C31BB-27DE-4EF5-A10C-6D8FB1417440}
		{829B0257-A75F-462D-8243-CB9638EA2585} = {895C31BB-27DE-4EF5-A10C-6D8FB1417440}
		{91D0A589-4A47-48D3-BE0C-A56C288F4159} = {895C31BB-27DE-4EF5-A10C-6D8FB1417440}
		{7E266B00-C56C-4661-8034-5A426319FCA0} = {895C31BB-27DE-4EF5-A10C-6D8FB1417440}
	EndGlobalSection
	GlobalSection(ExtensibilityGlobals) = postSolution
		SolutionGuid = {72376776-6F51-4B65-8A46-6069C60E86EC}
	EndGlobalSection
EndGlobal
